
Microsoft Visual Studio Solution File, Format Version 12.00
# Visual Studio Version 16
VisualStudioVersion = 16.0.30011.22
MinimumVisualStudioVersion = 10.0.40219.1
Project("{FAE04EC0-301F-11D3-BF4B-00C04F79EFBC}") = "CSHSoft", "CSHSoft\CSHSoft.csproj", "{B8D807ED-9739-40AF-B022-2E5B515D19F9}"
EndProject
Project("{FAE04EC0-301F-11D3-BF4B-00C04F79EFBC}") = "CSHFSoft.AccesoDatos", "CSHFSoft.AccesoDatos\CSHFSoft.AccesoDatos.csproj", "{A685033D-C5C1-49A8-853C-715D07765E52}"
EndProject
Project("{FAE04EC0-301F-11D3-BF4B-00C04F79EFBC}") = "CSHSoft.Models", "CSHSoft.Models\CSHSoft.Models.csproj", "{92D5DA51-66EE-4833-A6A4-49DAB8639AF4}"
EndProject
Project("{FAE04EC0-301F-11D3-BF4B-00C04F79EFBC}") = "CSHSoft.Utilidades", "CSHSoft.Utilidades\CSHSoft.Utilidades.csproj", "{DF470802-3EA0-4CC2-BB50-E5F7270E7A34}"
EndProject
Global
	GlobalSection(SolutionConfigurationPlatforms) = preSolution
		Debug|Any CPU = Debug|Any CPU
		Release|Any CPU = Release|Any CPU
	EndGlobalSection
	GlobalSection(ProjectConfigurationPlatforms) = postSolution
		{B8D807ED-9739-40AF-B022-2E5B515D19F9}.Debug|Any CPU.ActiveCfg = Debug|Any CPU
		{B8D807ED-9739-40AF-B022-2E5B515D19F9}.Debug|Any CPU.Build.0 = Debug|Any CPU
		{B8D807ED-9739-40AF-B022-2E5B515D19F9}.Release|Any CPU.ActiveCfg = Release|Any CPU
		{B8D807ED-9739-40AF-B022-2E5B515D19F9}.Release|Any CPU.Build.0 = Release|Any CPU
		{A685033D-C5C1-49A8-853C-715D07765E52}.Debug|Any CPU.ActiveCfg = Debug|Any CPU
		{A685033D-C5C1-49A8-853C-715D07765E52}.Debug|Any CPU.Build.0 = Debug|Any CPU
		{A685033D-C5C1-49A8-853C-715D07765E52}.Release|Any CPU.ActiveCfg = Release|Any CPU
		{A685033D-C5C1-49A8-853C-715D07765E52}.Release|Any CPU.Build.0 = Release|Any CPU
		{92D5DA51-66EE-4833-A6A4-49DAB8639AF4}.Debug|Any CPU.ActiveCfg = Debug|Any CPU
		{92D5DA51-66EE-4833-A6A4-49DAB8639AF4}.Debug|Any CPU.Build.0 = Debug|Any CPU
		{92D5DA51-66EE-4833-A6A4-49DAB8639AF4}.Release|Any CPU.ActiveCfg = Release|Any CPU
		{92D5DA51-66EE-4833-A6A4-49DAB8639AF4}.Release|Any CPU.Build.0 = Release|Any CPU
		{DF470802-3EA0-4CC2-BB50-E5F7270E7A34}.Debug|Any CPU.ActiveCfg = Debug|Any CPU
		{DF470802-3EA0-4CC2-BB50-E5F7270E7A34}.Debug|Any CPU.Build.0 = Debug|Any CPU
		{DF470802-3EA0-4CC2-BB50-E5F7270E7A34}.Release|Any CPU.ActiveCfg = Release|Any CPU
		{DF470802-3EA0-4CC2-BB50-E5F7270E7A34}.Release|Any CPU.Build.0 = Release|Any CPU
	EndGlobalSection
	GlobalSection(SolutionProperties) = preSolution
		HideSolutionNode = FALSE
	EndGlobalSection
	GlobalSection(ExtensibilityGlobals) = postSolution
		SolutionGuid = {A38845E2-7B06-4868-9CFE-AD1292273B15}
	EndGlobalSection
EndGlobal
